
Microsoft Visual Studio Solution File, Format Version 12.00
# Visual Studio 15
VisualStudioVersion = 15.0.27703.2035
MinimumVisualStudioVersion = 10.0.40219.1
Project("{9092AA53-FB77-4645-B42D-1CCCA6BD08BD}") = "UserProfile", "UserProfile.njsproj", "{1EF305D5-D73D-4FC2-8714-B9DA68BD89BC}"
EndProject
Global
	GlobalSection(SolutionConfigurationPlatforms) = preSolution
		Debug|Any CPU = Debug|Any CPU
		Release|Any CPU = Release|Any CPU
	EndGlobalSection
	GlobalSection(ProjectConfigurationPlatforms) = postSolution
		{1EF305D5-D73D-4FC2-8714-B9DA68BD89BC}.Debug|Any CPU.ActiveCfg = Debug|Any CPU
		{1EF305D5-D73D-4FC2-8714-B9DA68BD89BC}.Debug|Any CPU.Build.0 = Debug|Any CPU
		{1EF305D5-D73D-4FC2-8714-B9DA68BD89BC}.Release|Any CPU.ActiveCfg = Release|Any CPU
		{1EF305D5-D73D-4FC2-8714-B9DA68BD89BC}.Release|Any CPU.Build.0 = Release|Any CPU
	EndGlobalSection
	GlobalSection(SolutionProperties) = preSolution
		HideSolutionNode = FALSE
	EndGlobalSection
	GlobalSection(ExtensibilityGlobals) = postSolution
		SolutionGuid = {DAB0000B-E6C0-4064-B9B3-B1EBD707BACB}
	EndGlobalSection
EndGlobal
