
Microsoft Visual Studio Solution File, Format Version 12.00
# Visual Studio 15
VisualStudioVersion = 15.0.27703.2035
MinimumVisualStudioVersion = 10.0.40219.1
Project("{9092AA53-FB77-4645-B42D-1CCCA6BD08BD}") = "Transcode-Video", "Transcode-Video.njsproj", "{2C173E94-7EA8-42F3-93A2-96F14B7A11A8}"
EndProject
Global
	GlobalSection(SolutionConfigurationPlatforms) = preSolution
		Debug|Any CPU = Debug|Any CPU
		Release|Any CPU = Release|Any CPU
	EndGlobalSection
	GlobalSection(ProjectConfigurationPlatforms) = postSolution
		{2C173E94-7EA8-42F3-93A2-96F14B7A11A8}.Debug|Any CPU.ActiveCfg = Debug|Any CPU
		{2C173E94-7EA8-42F3-93A2-96F14B7A11A8}.Debug|Any CPU.Build.0 = Debug|Any CPU
		{2C173E94-7EA8-42F3-93A2-96F14B7A11A8}.Release|Any CPU.ActiveCfg = Release|Any CPU
		{2C173E94-7EA8-42F3-93A2-96F14B7A11A8}.Release|Any CPU.Build.0 = Release|Any CPU
	EndGlobalSection
	GlobalSection(SolutionProperties) = preSolution
		HideSolutionNode = FALSE
	EndGlobalSection
	GlobalSection(ExtensibilityGlobals) = postSolution
		SolutionGuid = {C809BE82-5F9F-446E-8C88-2C45BBD33747}
	EndGlobalSection
EndGlobal
